// !$*UTF8*$!
{
	archiveVersion = 1;
	classes = {
	};
	objectVersion = 46;
	objects = {

/* Begin PBXBuildFile section */
		3370C2081E02AD2800A4DBA4 /* AppDelegate.swift in Sources */ = {isa = PBXBuildFile; fileRef = 3370C2071E02AD2800A4DBA4 /* AppDelegate.swift */; };
		3370C20A1E02AD2800A4DBA4 /* ViewController.swift in Sources */ = {isa = PBXBuildFile; fileRef = 3370C2091E02AD2800A4DBA4 /* ViewController.swift */; };
		3370C20D1E02AD2800A4DBA4 /* Main.storyboard in Resources */ = {isa = PBXBuildFile; fileRef = 3370C20B1E02AD2800A4DBA4 /* Main.storyboard */; };
		3370C20F1E02AD2800A4DBA4 /* Assets.xcassets in Resources */ = {isa = PBXBuildFile; fileRef = 3370C20E1E02AD2800A4DBA4 /* Assets.xcassets */; };
		3370C2121E02AD2800A4DBA4 /* LaunchScreen.storyboard in Resources */ = {isa = PBXBuildFile; fileRef = 3370C2101E02AD2800A4DBA4 /* LaunchScreen.storyboard */; };
		3370C21D1E02AD2900A4DBA4 /* questionAppTests.swift in Sources */ = {isa = PBXBuildFile; fileRef = 3370C21C1E02AD2900A4DBA4 /* questionAppTests.swift */; };
		3370C2281E02AD2900A4DBA4 /* questionAppUITests.swift in Sources */ = {isa = PBXBuildFile; fileRef = 3370C2271E02AD2900A4DBA4 /* questionAppUITests.swift */; };
/* End PBXBuildFile section */

/* Begin PBXContainerItemProxy section */
		3370C2191E02AD2900A4DBA4 /* PBXContainerItemProxy */ = {
			isa = PBXContainerItemProxy;
			containerPortal = 3370C1FC1E02AD2800A4DBA4 /* Project object */;
			proxyType = 1;
			remoteGlobalIDString = 3370C2031E02AD2800A4DBA4;
			remoteInfo = questionApp;
		};
		3370C2241E02AD2900A4DBA4 /* PBXContainerItemProxy */ = {
			isa = PBXContainerItemProxy;
			containerPortal = 3370C1FC1E02AD2800A4DBA4 /* Project object */;
			proxyType = 1;
			remoteGlobalIDString = 3370C2031E02AD2800A4DBA4;
			remoteInfo = questionApp;
		};
/* End PBXContainerItemProxy section */

/* Begin PBXFileReference section */
		3370C2041E02AD2800A4DBA4 /* questionApp.app */ = {isa = PBXFileReference; explicitFileType = wrapper.application; includeInIndex = 0; path = questionApp.app; sourceTree = BUILT_PRODUCTS_DIR; };
		3370C2071E02AD2800A4DBA4 /* AppDelegate.swift */ = {isa = PBXFileReference; lastKnownFileType = sourcecode.swift; path = AppDelegate.swift; sourceTree = "<group>"; };
		3370C2091E02AD2800A4DBA4 /* ViewController.swift */ = {isa = PBXFileReference; lastKnownFileType = sourcecode.swift; path = ViewController.swift; sourceTree = "<group>"; };
		3370C20C1E02AD2800A4DBA4 /* Base */ = {isa = PBXFileReference; lastKnownFileType = file.storyboard; name = Base; path = Base.lproj/Main.storyboard; sourceTree = "<group>"; };
		3370C20E1E02AD2800A4DBA4 /* Assets.xcassets */ = {isa = PBXFileReference; lastKnownFileType = folder.assetcatalog; path = Assets.xcassets; sourceTree = "<group>"; };
		3370C2111E02AD2800A4DBA4 /* Base */ = {isa = PBXFileReference; lastKnownFileType = file.storyboard; name = Base; path = Base.lproj/LaunchScreen.storyboard; sourceTree = "<group>"; };
		3370C2131E02AD2800A4DBA4 /* Info.plist */ = {isa = PBXFileReference; lastKnownFileType = text.plist.xml; path = Info.plist; sourceTree = "<group>"; };
		3370C2181E02AD2900A4DBA4 /* questionAppTests.xctest */ = {isa = PBXFileReference; explicitFileType = wrapper.cfbundle; includeInIndex = 0; path = questionAppTests.xctest; sourceTree = BUILT_PRODUCTS_DIR; };
		3370C21C1E02AD2900A4DBA4 /* questionAppTests.swift */ = {isa = PBXFileReference; lastKnownFileType = sourcecode.swift; path = questionAppTests.swift; sourceTree = "<group>"; };
		3370C21E1E02AD2900A4DBA4 /* Info.plist */ = {isa = PBXFileReference; lastKnownFileType = text.plist.xml; path = Info.plist; sourceTree = "<group>"; };
		3370C2231E02AD2900A4DBA4 /* questionAppUITests.xctest */ = {isa = PBXFileReference; explicitFileType = wrapper.cfbundle; includeInIndex = 0; path = questionAppUITests.xctest; sourceTree = BUILT_PRODUCTS_DIR; };
		3370C2271E02AD2900A4DBA4 /* questionAppUITests.swift */ = {isa = PBXFileReference; lastKnownFileType = sourcecode.swift; path = questionAppUITests.swift; sourceTree = "<group>"; };
		3370C2291E02AD2900A4DBA4 /* Info.plist */ = {isa = PBXFileReference; lastKnownFileType = text.plist.xml; path = Info.plist; sourceTree = "<group>"; };
/* End PBXFileReference section */

/* Begin PBXFrameworksBuildPhase section */
		3370C2011E02AD2800A4DBA4 /* Frameworks */ = {
			isa = PBXFrameworksBuildPhase;
			buildActionMask = 2147483647;
			files = (
			);
			runOnlyForDeploymentPostprocessing = 0;
		};
		3370C2151E02AD2900A4DBA4 /* Frameworks */ = {
			isa = PBXFrameworksBuildPhase;
			buildActionMask = 2147483647;
			files = (
			);
			runOnlyForDeploymentPostprocessing = 0;
		};
		3370C2201E02AD2900A4DBA4 /* Frameworks */ = {
			isa = PBXFrameworksBuildPhase;
			buildActionMask = 2147483647;
			files = (
			);
			runOnlyForDeploymentPostprocessing = 0;
		};
/* End PBXFrameworksBuildPhase section */

/* Begin PBXGroup section */
		3370C1FB1E02AD2800A4DBA4 = {
			isa = PBXGroup;
			children = (
				3370C2061E02AD2800A4DBA4 /* questionApp */,
				3370C21B1E02AD2900A4DBA4 /* questionAppTests */,
				3370C2261E02AD2900A4DBA4 /* questionAppUITests */,
				3370C2051E02AD2800A4DBA4 /* Products */,
			);
			sourceTree = "<group>";
		};
		3370C2051E02AD2800A4DBA4 /* Products */ = {
			isa = PBXGroup;
			children = (
				3370C2041E02AD2800A4DBA4 /* questionApp.app */,
				3370C2181E02AD2900A4DBA4 /* questionAppTests.xctest */,
				3370C2231E02AD2900A4DBA4 /* questionAppUITests.xctest */,
			);
			name = Products;
			sourceTree = "<group>";
		};
		3370C2061E02AD2800A4DBA4 /* questionApp */ = {
			isa = PBXGroup;
			children = (
				3370C2071E02AD2800A4DBA4 /* AppDelegate.swift */,
				3370C2091E02AD2800A4DBA4 /* ViewController.swift */,
				3370C20B1E02AD2800A4DBA4 /* Main.storyboard */,
				3370C20E1E02AD2800A4DBA4 /* Assets.xcassets */,
				3370C2101E02AD2800A4DBA4 /* LaunchScreen.storyboard */,
				3370C2131E02AD2800A4DBA4 /* Info.plist */,
			);
			path = questionApp;
			sourceTree = "<group>";
		};
		3370C21B1E02AD2900A4DBA4 /* questionAppTests */ = {
			isa = PBXGroup;
			children = (
				3370C21C1E02AD2900A4DBA4 /* questionAppTests.swift */,
				3370C21E1E02AD2900A4DBA4 /* Info.plist */,
			);
			path = questionAppTests;
			sourceTree = "<group>";
		};
		3370C2261E02AD2900A4DBA4 /* questionAppUITests */ = {
			isa = PBXGroup;
			children = (
				3370C2271E02AD2900A4DBA4 /* questionAppUITests.swift */,
				3370C2291E02AD2900A4DBA4 /* Info.plist */,
			);
			path = questionAppUITests;
			sourceTree = "<group>";
		};
/* End PBXGroup section */

/* Begin PBXNativeTarget section */
		3370C2031E02AD2800A4DBA4 /* questionApp */ = {
			isa = PBXNativeTarget;
			buildConfigurationList = 3370C22C1E02AD2900A4DBA4 /* Build configuration list for PBXNativeTarget "questionApp" */;
			buildPhases = (
				3370C2001E02AD2800A4DBA4 /* Sources */,
				3370C2011E02AD2800A4DBA4 /* Frameworks */,
				3370C2021E02AD2800A4DBA4 /* Resources */,
			);
			buildRules = (
			);
			dependencies = (
			);
			name = questionApp;
			productName = questionApp;
			productReference = 3370C2041E02AD2800A4DBA4 /* questionApp.app */;
			productType = "com.apple.product-type.application";
		};
		3370C2171E02AD2900A4DBA4 /* questionAppTests */ = {
			isa = PBXNativeTarget;
			buildConfigurationList = 3370C22F1E02AD2900A4DBA4 /* Build configuration list for PBXNativeTarget "questionAppTests" */;
			buildPhases = (
				3370C2141E02AD2900A4DBA4 /* Sources */,
				3370C2151E02AD2900A4DBA4 /* Frameworks */,
				3370C2161E02AD2900A4DBA4 /* Resources */,
			);
			buildRules = (
			);
			dependencies = (
				3370C21A1E02AD2900A4DBA4 /* PBXTargetDependency */,
			);
			name = questionAppTests;
			productName = questionAppTests;
			productReference = 3370C2181E02AD2900A4DBA4 /* questionAppTests.xctest */;
			productType = "com.apple.product-type.bundle.unit-test";
		};
		3370C2221E02AD2900A4DBA4 /* questionAppUITests */ = {
			isa = PBXNativeTarget;
			buildConfigurationList = 3370C2321E02AD2900A4DBA4 /* Build configuration list for PBXNativeTarget "questionAppUITests" */;
			buildPhases = (
				3370C21F1E02AD2900A4DBA4 /* Sources */,
				3370C2201E02AD2900A4DBA4 /* Frameworks */,
				3370C2211E02AD2900A4DBA4 /* Resources */,
			);
			buildRules = (
			);
			dependencies = (
				3370C2251E02AD2900A4DBA4 /* PBXTargetDependency */,
			);
			name = questionAppUITests;
			productName = questionAppUITests;
			productReference = 3370C2231E02AD2900A4DBA4 /* questionAppUITests.xctest */;
			productType = "com.apple.product-type.bundle.ui-testing";
		};
/* End PBXNativeTarget section */

/* Begin PBXProject section */
		3370C1FC1E02AD2800A4DBA4 /* Project object */ = {
			isa = PBXProject;
			attributes = {
				LastSwiftUpdateCheck = 0820;
				LastUpgradeCheck = 0820;
				ORGANIZATIONNAME = "Hikaru Ikuta";
				TargetAttributes = {
					3370C2031E02AD2800A4DBA4 = {
						CreatedOnToolsVersion = 8.2;
						DevelopmentTeam = JX28ZJ4H2E;
						ProvisioningStyle = Automatic;
					};
					3370C2171E02AD2900A4DBA4 = {
						CreatedOnToolsVersion = 8.2;
						DevelopmentTeam = JX28ZJ4H2E;
						ProvisioningStyle = Automatic;
						TestTargetID = 3370C2031E02AD2800A4DBA4;
					};
					3370C2221E02AD2900A4DBA4 = {
						CreatedOnToolsVersion = 8.2;
						DevelopmentTeam = JX28ZJ4H2E;
						ProvisioningStyle = Automatic;
						TestTargetID = 3370C2031E02AD2800A4DBA4;
					};
				};
			};
			buildConfigurationList = 3370C1FF1E02AD2800A4DBA4 /* Build configuration list for PBXProject "questionApp" */;
			compatibilityVersion = "Xcode 3.2";
			developmentRegion = English;
			hasScannedForEncodings = 0;
			knownRegions = (
				en,
				Base,
			);
			mainGroup = 3370C1FB1E02AD2800A4DBA4;
			productRefGroup = 3370C2051E02AD2800A4DBA4 /* Products */;
			projectDirPath = "";
			projectRoot = "";
			targets = (
				3370C2031E02AD2800A4DBA4 /* questionApp */,
				3370C2171E02AD2900A4DBA4 /* questionAppTests */,
				3370C2221E02AD2900A4DBA4 /* questionAppUITests */,
			);
		};
/* End PBXProject section */

/* Begin PBXResourcesBuildPhase section */
		3370C2021E02AD2800A4DBA4 /* Resources */ = {
			isa = PBXResourcesBuildPhase;
			buildActionMask = 2147483647;
			files = (
				3370C2121E02AD2800A4DBA4 /* LaunchScreen.storyboard in Resources */,
				3370C20F1E02AD2800A4DBA4 /* Assets.xcassets in Resources */,
				3370C20D1E02AD2800A4DBA4 /* Main.storyboard in Resources */,
			);
			runOnlyForDeploymentPostprocessing = 0;
		};
		3370C2161E02AD2900A4DBA4 /* Resources */ = {
			isa = PBXResourcesBuildPhase;
			buildActionMask = 2147483647;
			files = (
			);
			runOnlyForDeploymentPostprocessing = 0;
		};
		3370C2211E02AD2900A4DBA4 /* Resources */ = {
			isa = PBXResourcesBuildPhase;
			buildActionMask = 2147483647;
			files = (
			);
			runOnlyForDeploymentPostprocessing = 0;
		};
/* End PBXResourcesBuildPhase section */

/* Begin PBXSourcesBuildPhase section */
		3370C2001E02AD2800A4DBA4 /* Sources */ = {
			isa = PBXSourcesBuildPhase;
			buildActionMask = 2147483647;
			files = (
				3370C20A1E02AD2800A4DBA4 /* ViewController.swift in Sources */,
				3370C2081E02AD2800A4DBA4 /* AppDelegate.swift in Sources */,
			);
			runOnlyForDeploymentPostprocessing = 0;
		};
		3370C2141E02AD2900A4DBA4 /* Sources */ = {
			isa = PBXSourcesBuildPhase;
			buildActionMask = 2147483647;
			files = (
				3370C21D1E02AD2900A4DBA4 /* questionAppTests.swift in Sources */,
			);
			runOnlyForDeploymentPostprocessing = 0;
		};
		3370C21F1E02AD2900A4DBA4 /* Sources */ = {
			isa = PBXSourcesBuildPhase;
			buildActionMask = 2147483647;
			files = (
				3370C2281E02AD2900A4DBA4 /* questionAppUITests.swift in Sources */,
			);
			runOnlyForDeploymentPostprocessing = 0;
		};
/* End PBXSourcesBuildPhase section */

/* Begin PBXTargetDependency section */
		3370C21A1E02AD2900A4DBA4 /* PBXTargetDependency */ = {
			isa = PBXTargetDependency;
			target = 3370C2031E02AD2800A4DBA4 /* questionApp */;
			targetProxy = 3370C2191E02AD2900A4DBA4 /* PBXContainerItemProxy */;
		};
		3370C2251E02AD2900A4DBA4 /* PBXTargetDependency */ = {
			isa = PBXTargetDependency;
			target = 3370C2031E02AD2800A4DBA4 /* questionApp */;
			targetProxy = 3370C2241E02AD2900A4DBA4 /* PBXContainerItemProxy */;
		};
/* End PBXTargetDependency section */

/* Begin PBXVariantGroup section */
		3370C20B1E02AD2800A4DBA4 /* Main.storyboard */ = {
			isa = PBXVariantGroup;
			children = (
				3370C20C1E02AD2800A4DBA4 /* Base */,
			);
			name = Main.storyboard;
			sourceTree = "<group>";
		};
		3370C2101E02AD2800A4DBA4 /* LaunchScreen.storyboard */ = {
			isa = PBXVariantGroup;
			children = (
				3370C2111E02AD2800A4DBA4 /* Base */,
			);
			name = LaunchScreen.storyboard;
			sourceTree = "<group>";
		};
/* End PBXVariantGroup section */

/* Begin XCBuildConfiguration section */
		3370C22A1E02AD2900A4DBA4 /* Debug */ = {
			isa = XCBuildConfiguration;
			buildSettings = {
				ALWAYS_SEARCH_USER_PATHS = NO;
				CLANG_ANALYZER_NONNULL = YES;
				CLANG_CXX_LANGUAGE_STANDARD = "gnu++0x";
				CLANG_CXX_LIBRARY = "libc++";
				CLANG_ENABLE_MODULES = YES;
				CLANG_ENABLE_OBJC_ARC = YES;
				CLANG_WARN_BOOL_CONVERSION = YES;
				CLANG_WARN_CONSTANT_CONVERSION = YES;
				CLANG_WARN_DIRECT_OBJC_ISA_USAGE = YES_ERROR;
				CLANG_WARN_DOCUMENTATION_COMMENTS = YES;
				CLANG_WARN_EMPTY_BODY = YES;
				CLANG_WARN_ENUM_CONVERSION = YES;
				CLANG_WARN_INFINITE_RECURSION = YES;
				CLANG_WARN_INT_CONVERSION = YES;
				CLANG_WARN_OBJC_ROOT_CLASS = YES_ERROR;
				CLANG_WARN_SUSPICIOUS_MOVE = YES;
				CLANG_WARN_UNREACHABLE_CODE = YES;
				CLANG_WARN__DUPLICATE_METHOD_MATCH = YES;
				"CODE_SIGN_IDENTITY[sdk=iphoneos*]" = "iPhone Developer";
				COPY_PHASE_STRIP = NO;
				DEBUG_INFORMATION_FORMAT = dwarf;
				ENABLE_STRICT_OBJC_MSGSEND = YES;
				ENABLE_TESTABILITY = YES;
				GCC_C_LANGUAGE_STANDARD = gnu99;
				GCC_DYNAMIC_NO_PIC = NO;
				GCC_NO_COMMON_BLOCKS = YES;
				GCC_OPTIMIZATION_LEVEL = 0;
				GCC_PREPROCESSOR_DEFINITIONS = (
					"DEBUG=1",
					"$(inherited)",
				);
				GCC_WARN_64_TO_32_BIT_CONVERSION = YES;
				GCC_WARN_ABOUT_RETURN_TYPE = YES_ERROR;
				GCC_WARN_UNDECLARED_SELECTOR = YES;
				GCC_WARN_UNINITIALIZED_AUTOS = YES_AGGRESSIVE;
				GCC_WARN_UNUSED_FUNCTION = YES;
				GCC_WARN_UNUSED_VARIABLE = YES;
				IPHONEOS_DEPLOYMENT_TARGET = 10.2;
				MTL_ENABLE_DEBUG_INFO = YES;
				ONLY_ACTIVE_ARCH = YES;
				SDKROOT = iphoneos;
				SWIFT_ACTIVE_COMPILATION_CONDITIONS = DEBUG;
				SWIFT_OPTIMIZATION_LEVEL = "-Onone";
			};
			name = Debug;
		};
		3370C22B1E02AD2900A4DBA4 /* Release */ = {
			isa = XCBuildConfiguration;
			buildSettings = {
				ALWAYS_SEARCH_USER_PATHS = NO;
				CLANG_ANALYZER_NONNULL = YES;
				CLANG_CXX_LANGUAGE_STANDARD = "gnu++0x";
				CLANG_CXX_LIBRARY = "libc++";
				CLANG_ENABLE_MODULES = YES;
				CLANG_ENABLE_OBJC_ARC = YES;
				CLANG_WARN_BOOL_CONVERSION = YES;
				CLANG_WARN_CONSTANT_CONVERSION = YES;
				CLANG_WARN_DIRECT_OBJC_ISA_USAGE = YES_ERROR;
				CLANG_WARN_DOCUMENTATION_COMMENTS = YES;
				CLANG_WARN_EMPTY_BODY = YES;
				CLANG_WARN_ENUM_CONVERSION = YES;
				CLANG_WARN_INFINITE_RECURSION = YES;
				CLANG_WARN_INT_CONVERSION = YES;
				CLANG_WARN_OBJC_ROOT_CLASS = YES_ERROR;
				CLANG_WARN_SUSPICIOUS_MOVE = YES;
				CLANG_WARN_UNREACHABLE_CODE = YES;
				CLANG_WARN__DUPLICATE_METHOD_MATCH = YES;
				"CODE_SIGN_IDENTITY[sdk=iphoneos*]" = "iPhone Developer";
				COPY_PHASE_STRIP = NO;
				DEBUG_INFORMATION_FORMAT = "dwarf-with-dsym";
				ENABLE_NS_ASSERTIONS = NO;
				ENABLE_STRICT_OBJC_MSGSEND = YES;
				GCC_C_LANGUAGE_STANDARD = gnu99;
				GCC_NO_COMMON_BLOCKS = YES;
				GCC_WARN_64_TO_32_BIT_CONVERSION = YES;
				GCC_WARN_ABOUT_RETURN_TYPE = YES_ERROR;
				GCC_WARN_UNDECLARED_SELECTOR = YES;
				GCC_WARN_UNINITIALIZED_AUTOS = YES_AGGRESSIVE;
				GCC_WARN_UNUSED_FUNCTION = YES;
				GCC_WARN_UNUSED_VARIABLE = YES;
				IPHONEOS_DEPLOYMENT_TARGET = 10.2;
				MTL_ENABLE_DEBUG_INFO = NO;
				SDKROOT = iphoneos;
				SWIFT_OPTIMIZATION_LEVEL = "-Owholemodule";
				VALIDATE_PRODUCT = YES;
			};
			name = Release;
		};
		3370C22D1E02AD2900A4DBA4 /* Debug */ = {
			isa = XCBuildConfiguration;
			buildSettings = {
				ASSETCATALOG_COMPILER_APPICON_NAME = AppIcon;
				DEVELOPMENT_TEAM = JX28ZJ4H2E;
				INFOPLIST_FILE = questionApp/Info.plist;
				LD_RUNPATH_SEARCH_PATHS = "$(inherited) @executable_path/Frameworks";
				PRODUCT_BUNDLE_IDENTIFIER = ikutahiiakru.questionApp;
				PRODUCT_NAME = "$(TARGET_NAME)";
				SWIFT_VERSION = 3.0;
			};
			name = Debug;
		};
		3370C22E1E02AD2900A4DBA4 /* Release */ = {
			isa = XCBuildConfiguration;
			buildSettings = {
				ASSETCATALOG_COMPILER_APPICON_NAME = AppIcon;
				DEVELOPMENT_TEAM = JX28ZJ4H2E;
				INFOPLIST_FILE = questionApp/Info.plist;
				LD_RUNPATH_SEARCH_PATHS = "$(inherited) @executable_path/Frameworks";
				PRODUCT_BUNDLE_IDENTIFIER = ikutahiiakru.questionApp;
				PRODUCT_NAME = "$(TARGET_NAME)";
				SWIFT_VERSION = 3.0;
			};
			name = Release;
		};
		3370C2301E02AD2900A4DBA4 /* Debug */ = {
			isa = XCBuildConfiguration;
			buildSettings = {
				ALWAYS_EMBED_SWIFT_STANDARD_LIBRARIES = YES;
				BUNDLE_LOADER = "$(TEST_HOST)";
				DEVELOPMENT_TEAM = JX28ZJ4H2E;
				INFOPLIST_FILE = questionAppTests/Info.plist;
				LD_RUNPATH_SEARCH_PATHS = "$(inherited) @executable_path/Frameworks @loader_path/Frameworks";
				PRODUCT_BUNDLE_IDENTIFIER = ikutahiiakru.questionAppTests;
				PRODUCT_NAME = "$(TARGET_NAME)";
				SWIFT_VERSION = 3.0;
				TEST_HOST = "$(BUILT_PRODUCTS_DIR)/questionApp.app/questionApp";
			};
			name = Debug;
		};
		3370C2311E02AD2900A4DBA4 /* Release */ = {
			isa = XCBuildConfiguration;
			buildSettings = {
				ALWAYS_EMBED_SWIFT_STANDARD_LIBRARIES = YES;
				BUNDLE_LOADER = "$(TEST_HOST)";
				DEVELOPMENT_TEAM = JX28ZJ4H2E;
				INFOPLIST_FILE = questionAppTests/Info.plist;
				LD_RUNPATH_SEARCH_PATHS = "$(inherited) @executable_path/Frameworks @loader_path/Frameworks";
				PRODUCT_BUNDLE_IDENTIFIER = ikutahiiakru.questionAppTests;
				PRODUCT_NAME = "$(TARGET_NAME)";
				SWIFT_VERSION = 3.0;
				TEST_HOST = "$(BUILT_PRODUCTS_DIR)/questionApp.app/questionApp";
			};
			name = Release;
		};
		3370C2331E02AD2900A4DBA4 /* Debug */ = {
			isa = XCBuildConfiguration;
			buildSettings = {
				ALWAYS_EMBED_SWIFT_STANDARD_LIBRARIES = YES;
				DEVELOPMENT_TEAM = JX28ZJ4H2E;
				INFOPLIST_FILE = questionAppUITests/Info.plist;
				LD_RUNPATH_SEARCH_PATHS = "$(inherited) @executable_path/Frameworks @loader_path/Frameworks";
				PRODUCT_BUNDLE_IDENTIFIER = ikutahiiakru.questionAppUITests;
				PRODUCT_NAME = "$(TARGET_NAME)";
				SWIFT_VERSION = 3.0;
				TEST_TARGET_NAME = questionApp;
			};
			name = Debug;
		};
		3370C2341E02AD2900A4DBA4 /* Release */ = {
			isa = XCBuildConfiguration;
			buildSettings = {
				ALWAYS_EMBED_SWIFT_STANDARD_LIBRARIES = YES;
				DEVELOPMENT_TEAM = JX28ZJ4H2E;
				INFOPLIST_FILE = questionAppUITests/Info.plist;
				LD_RUNPATH_SEARCH_PATHS = "$(inherited) @executable_path/Frameworks @loader_path/Frameworks";
				PRODUCT_BUNDLE_IDENTIFIER = ikutahiiakru.questionAppUITests;
				PRODUCT_NAME = "$(TARGET_NAME)";
				SWIFT_VERSION = 3.0;
				TEST_TARGET_NAME = questionApp;
			};
			name = Release;
		};
/* End XCBuildConfiguration section */

/* Begin XCConfigurationList section */
		3370C1FF1E02AD2800A4DBA4 /* Build configuration list for PBXProject "questionApp" */ = {
			isa = XCConfigurationList;
			buildConfigurations = (
				3370C22A1E02AD2900A4DBA4 /* Debug */,
				3370C22B1E02AD2900A4DBA4 /* Release */,
			);
			defaultConfigurationIsVisible = 0;
			defaultConfigurationName = Release;
		};
		3370C22C1E02AD2900A4DBA4 /* Build configuration list for PBXNativeTarget "questionApp" */ = {
			isa = XCConfigurationList;
			buildConfigurations = (
				3370C22D1E02AD2900A4DBA4 /* Debug */,
				3370C22E1E02AD2900A4DBA4 /* Release */,
			);
			defaultConfigurationIsVisible = 0;
		};
		3370C22F1E02AD2900A4DBA4 /* Build configuration list for PBXNativeTarget "questionAppTests" */ = {
			isa = XCConfigurationList;
			buildConfigurations = (
				3370C2301E02AD2900A4DBA4 /* Debug */,
				3370C2311E02AD2900A4DBA4 /* Release */,
			);
			defaultConfigurationIsVisible = 0;
		};
		3370C2321E02AD2900A4DBA4 /* Build configuration list for PBXNativeTarget "questionAppUITests" */ = {
			isa = XCConfigurationList;
			buildConfigurations = (
				3370C2331E02AD2900A4DBA4 /* Debug */,
				3370C2341E02AD2900A4DBA4 /* Release */,
			);
			defaultConfigurationIsVisible = 0;
		};
/* End XCConfigurationList section */
	};
	rootObject = 3370C1FC1E02AD2800A4DBA4 /* Project object */;
}
